
Microsoft Visual Studio Solution File, Format Version 12.00
# Visual Studio Version 17
VisualStudioVersion = 17.4.33110.190
MinimumVisualStudioVersion = 10.0.40219.1
Project("{FAE04EC0-301F-11D3-BF4B-00C04F79EFBC}") = "project.perfectnumbers", "project.perfectnumbers\project.perfectnumbers.csproj", "{FDC744BA-641D-4C5D-908A-16B92F3885EE}"
EndProject
Global
	GlobalSection(SolutionConfigurationPlatforms) = preSolution
		Debug|Any CPU = Debug|Any CPU
		Release|Any CPU = Release|Any CPU
	EndGlobalSection
	GlobalSection(ProjectConfigurationPlatforms) = postSolution
		{FDC744BA-641D-4C5D-908A-16B92F3885EE}.Debug|Any CPU.ActiveCfg = Debug|Any CPU
		{FDC744BA-641D-4C5D-908A-16B92F3885EE}.Debug|Any CPU.Build.0 = Debug|Any CPU
		{FDC744BA-641D-4C5D-908A-16B92F3885EE}.Release|Any CPU.ActiveCfg = Release|Any CPU
		{FDC744BA-641D-4C5D-908A-16B92F3885EE}.Release|Any CPU.Build.0 = Release|Any CPU
	EndGlobalSection
	GlobalSection(SolutionProperties) = preSolution
		HideSolutionNode = FALSE
	EndGlobalSection
	GlobalSection(ExtensibilityGlobals) = postSolution
		SolutionGuid = {DCE067DB-7785-4A17-B59A-BC9321F00013}
	EndGlobalSection
EndGlobal
